
Microsoft Visual Studio Solution File, Format Version 12.00
# Visual Studio 15
VisualStudioVersion = 15.0.27004.2009
MinimumVisualStudioVersion = 10.0.40219.1
Project("{2150E333-8FDC-42A3-9474-1A3956D46DE8}") = "libraries", "libraries", "{0BB85A68-5D39-4C09-84B6-7BE9E50D832A}"
EndProject
Project("{2150E333-8FDC-42A3-9474-1A3956D46DE8}") = "tests", "tests", "{E982110D-7F38-42BC-AB75-88171EC63654}"
EndProject
Project("{2150E333-8FDC-42A3-9474-1A3956D46DE8}") = "@utomation", "@utomation", "{79D0648E-DE2F-472A-9416-05E8C5FFD8BC}"
	ProjectSection(SolutionItems) = preProject
		@utomation\development.snk = @utomation\development.snk
	EndProjectSection
EndProject
Project("{2150E333-8FDC-42A3-9474-1A3956D46DE8}") = "build", "build", "{4746318C-9259-4517-9327-1F99DE6C2EBF}"
	ProjectSection(SolutionItems) = preProject
		@utomation\build\common.props = @utomation\build\common.props
		@utomation\build\common.targets = @utomation\build\common.targets
	EndProjectSection
EndProject
Project("{2150E333-8FDC-42A3-9474-1A3956D46DE8}") = ".attributes", ".attributes", "{CA7EBE2B-7D60-485B-9030-39AA2E6F2B93}"
	ProjectSection(SolutionItems) = preProject
		.attributes\build.xml = .attributes\build.xml
		.attributes\company.xml = .attributes\company.xml
		.attributes\product.xml = .attributes\product.xml
	EndProjectSection
EndProject
Project("{9A19103F-16F7-4668-BE54-9A1E7A4F7556}") = "Aftertime.Extensions.Reflection", "libraries\Reflection\Aftertime.Extensions.Reflection.csproj", "{FF762AA7-94A8-4554-B719-D952EC0C07EC}"
EndProject
Project("{9A19103F-16F7-4668-BE54-9A1E7A4F7556}") = "Aftertime.Extensions.Reflection-Tests", "tests\Reflection-Tests\Aftertime.Extensions.Reflection-Tests.csproj", "{DC1AB739-71D6-4C01-830B-D20D4BC8085E}"
EndProject
Global
	GlobalSection(SolutionConfigurationPlatforms) = preSolution
		Debug|Any CPU = Debug|Any CPU
		Release|Any CPU = Release|Any CPU
		Release+Packed|Any CPU = Release+Packed|Any CPU
		Release+Packed+Signed|Any CPU = Release+Packed+Signed|Any CPU
	EndGlobalSection
	GlobalSection(ProjectConfigurationPlatforms) = postSolution
		{FF762AA7-94A8-4554-B719-D952EC0C07EC}.Debug|Any CPU.ActiveCfg = Debug|Any CPU
		{FF762AA7-94A8-4554-B719-D952EC0C07EC}.Debug|Any CPU.Build.0 = Debug|Any CPU
		{FF762AA7-94A8-4554-B719-D952EC0C07EC}.Release|Any CPU.ActiveCfg = Release|Any CPU
		{FF762AA7-94A8-4554-B719-D952EC0C07EC}.Release|Any CPU.Build.0 = Release|Any CPU
		{FF762AA7-94A8-4554-B719-D952EC0C07EC}.Release+Packed|Any CPU.ActiveCfg = Release+Packed|Any CPU
		{FF762AA7-94A8-4554-B719-D952EC0C07EC}.Release+Packed|Any CPU.Build.0 = Release+Packed|Any CPU
		{FF762AA7-94A8-4554-B719-D952EC0C07EC}.Release+Packed+Signed|Any CPU.ActiveCfg = Release+Packed+Signed|Any CPU
		{FF762AA7-94A8-4554-B719-D952EC0C07EC}.Release+Packed+Signed|Any CPU.Build.0 = Release+Packed+Signed|Any CPU
		{DC1AB739-71D6-4C01-830B-D20D4BC8085E}.Debug|Any CPU.ActiveCfg = Debug|Any CPU
		{DC1AB739-71D6-4C01-830B-D20D4BC8085E}.Debug|Any CPU.Build.0 = Debug|Any CPU
		{DC1AB739-71D6-4C01-830B-D20D4BC8085E}.Release|Any CPU.ActiveCfg = Release|Any CPU
		{DC1AB739-71D6-4C01-830B-D20D4BC8085E}.Release|Any CPU.Build.0 = Release|Any CPU
		{DC1AB739-71D6-4C01-830B-D20D4BC8085E}.Release+Packed|Any CPU.ActiveCfg = Release+Packed|Any CPU
		{DC1AB739-71D6-4C01-830B-D20D4BC8085E}.Release+Packed|Any CPU.Build.0 = Release+Packed|Any CPU
		{DC1AB739-71D6-4C01-830B-D20D4BC8085E}.Release+Packed+Signed|Any CPU.ActiveCfg = Release+Packed+Signed|Any CPU
		{DC1AB739-71D6-4C01-830B-D20D4BC8085E}.Release+Packed+Signed|Any CPU.Build.0 = Release+Packed+Signed|Any CPU
	EndGlobalSection
	GlobalSection(SolutionProperties) = preSolution
		HideSolutionNode = FALSE
	EndGlobalSection
	GlobalSection(NestedProjects) = preSolution
		{4746318C-9259-4517-9327-1F99DE6C2EBF} = {79D0648E-DE2F-472A-9416-05E8C5FFD8BC}
		{FF762AA7-94A8-4554-B719-D952EC0C07EC} = {0BB85A68-5D39-4C09-84B6-7BE9E50D832A}
		{DC1AB739-71D6-4C01-830B-D20D4BC8085E} = {E982110D-7F38-42BC-AB75-88171EC63654}
	EndGlobalSection
	GlobalSection(ExtensibilityGlobals) = postSolution
		SolutionGuid = {DEC02972-550C-4575-9FDF-D21543549E22}
	EndGlobalSection
EndGlobal
